
Microsoft Visual Studio Solution File, Format Version 12.00
# Visual Studio 2013
VisualStudioVersion = 12.0.21005.1
MinimumVisualStudioVersion = 10.0.40219.1
Project("{FAE04EC0-301F-11D3-BF4B-00C04F79EFBC}") = "LFM.LandRegistry.SubmissionsService", "LFM.LandRegistry.SubmissionsService\LFM.LandRegistry.SubmissionsService.csproj", "{620B38AA-F0C5-42A3-A5BD-44F5929DD42C}"
EndProject
Project("{FAE04EC0-301F-11D3-BF4B-00C04F79EFBC}") = "LFM.LandRegistry.SubmissionsService.UnitTests", "LFM.LandRegistry.SubmissionsService.UnitTests\LFM.LandRegistry.SubmissionsService.UnitTests.csproj", "{C85B8C2B-926A-4CDE-9C90-8DC8D8127373}"
EndProject
Project("{2150E333-8FDC-42A3-9474-1A3956D46DE8}") = ".nuget", ".nuget", "{F76ABF72-8988-4E69-85C1-A124E0C6EFC6}"
	ProjectSection(SolutionItems) = preProject
		.nuget\packages.config = .nuget\packages.config
	EndProjectSection
EndProject
Project("{FAE04EC0-301F-11D3-BF4B-00C04F79EFBC}") = "LFM.LandRegistry.CommsService.UnitTests", "LFM.LandRegistry.CommsService.UnitTests\LFM.LandRegistry.CommsService.UnitTests.csproj", "{A52DB5B1-3318-4751-B166-56F895029B22}"
EndProject
Project("{FAE04EC0-301F-11D3-BF4B-00C04F79EFBC}") = "LFM.LandRegistry.CommsService", "LFM.LandRegistry.CommsService\LFM.LandRegistry.CommsService.csproj", "{7B03B010-8E1B-49AF-95B6-6E3037C5CE12}"
EndProject
Project("{FAE04EC0-301F-11D3-BF4B-00C04F79EFBC}") = "LFM.LandRegistry", "LFM.LandRegistry\LFM.LandRegistry.csproj", "{EDAD3745-3AAA-462D-AE87-358F71BF2259}"
EndProject
Project("{FAE04EC0-301F-11D3-BF4B-00C04F79EFBC}") = "LFM.MessageService", "LFM.MessageService\LFM.MessageService.csproj", "{442BB3EA-3BF7-4004-B28E-8EC9917E8B84}"
EndProject
Project("{FAE04EC0-301F-11D3-BF4B-00C04F79EFBC}") = "LFM", "LFM\LFM.csproj", "{6231D7E6-BFD0-4712-B65C-A1EEA91DE9AF}"
EndProject
Project("{FAE04EC0-301F-11D3-BF4B-00C04F79EFBC}") = "LFM.MessageService.UnitTests", "LFM.MessageService.UnitTests\LFM.MessageService.UnitTests.csproj", "{B956EB61-941D-493E-8BC2-A95F2E90D758}"
EndProject
Project("{FAE04EC0-301F-11D3-BF4B-00C04F79EFBC}") = "LFM.Submissions.Client", "LFM.Submissions.Client\LFM.Submissions.Client.csproj", "{A5A97BFB-60A5-4062-B5BE-D64333A7B87F}"
EndProject
Project("{FAE04EC0-301F-11D3-BF4B-00C04F79EFBC}") = "LFM.Submissions.AgentServices", "LFM.Submissions.AgentServices\LFM.Submissions.AgentServices.csproj", "{3182D968-1616-405B-844A-7F24FA717AA6}"
EndProject
Project("{FAE04EC0-301F-11D3-BF4B-00C04F79EFBC}") = "LFM.Submissions.AgentServices.UnitTests", "LFM.Submissions.AgentServices.UnitTests\LFM.Submissions.AgentServices.UnitTests.csproj", "{BEA3875D-58A6-46BB-B3E5-2B2D334E5839}"
EndProject
Global
	GlobalSection(SolutionConfigurationPlatforms) = preSolution
		Debug|Any CPU = Debug|Any CPU
		Release|Any CPU = Release|Any CPU
	EndGlobalSection
	GlobalSection(ProjectConfigurationPlatforms) = postSolution
		{620B38AA-F0C5-42A3-A5BD-44F5929DD42C}.Debug|Any CPU.ActiveCfg = Debug|Any CPU
		{620B38AA-F0C5-42A3-A5BD-44F5929DD42C}.Debug|Any CPU.Build.0 = Debug|Any CPU
		{620B38AA-F0C5-42A3-A5BD-44F5929DD42C}.Release|Any CPU.ActiveCfg = Release|Any CPU
		{620B38AA-F0C5-42A3-A5BD-44F5929DD42C}.Release|Any CPU.Build.0 = Release|Any CPU
		{C85B8C2B-926A-4CDE-9C90-8DC8D8127373}.Debug|Any CPU.ActiveCfg = Debug|Any CPU
		{C85B8C2B-926A-4CDE-9C90-8DC8D8127373}.Debug|Any CPU.Build.0 = Debug|Any CPU
		{C85B8C2B-926A-4CDE-9C90-8DC8D8127373}.Release|Any CPU.ActiveCfg = Release|Any CPU
		{C85B8C2B-926A-4CDE-9C90-8DC8D8127373}.Release|Any CPU.Build.0 = Release|Any CPU
		{A52DB5B1-3318-4751-B166-56F895029B22}.Debug|Any CPU.ActiveCfg = Debug|Any CPU
		{A52DB5B1-3318-4751-B166-56F895029B22}.Debug|Any CPU.Build.0 = Debug|Any CPU
		{A52DB5B1-3318-4751-B166-56F895029B22}.Release|Any CPU.ActiveCfg = Release|Any CPU
		{A52DB5B1-3318-4751-B166-56F895029B22}.Release|Any CPU.Build.0 = Release|Any CPU
		{7B03B010-8E1B-49AF-95B6-6E3037C5CE12}.Debug|Any CPU.ActiveCfg = Debug|Any CPU
		{7B03B010-8E1B-49AF-95B6-6E3037C5CE12}.Debug|Any CPU.Build.0 = Debug|Any CPU
		{7B03B010-8E1B-49AF-95B6-6E3037C5CE12}.Release|Any CPU.ActiveCfg = Release|Any CPU
		{7B03B010-8E1B-49AF-95B6-6E3037C5CE12}.Release|Any CPU.Build.0 = Release|Any CPU
		{EDAD3745-3AAA-462D-AE87-358F71BF2259}.Debug|Any CPU.ActiveCfg = Debug|Any CPU
		{EDAD3745-3AAA-462D-AE87-358F71BF2259}.Debug|Any CPU.Build.0 = Debug|Any CPU
		{EDAD3745-3AAA-462D-AE87-358F71BF2259}.Release|Any CPU.ActiveCfg = Release|Any CPU
		{EDAD3745-3AAA-462D-AE87-358F71BF2259}.Release|Any CPU.Build.0 = Release|Any CPU
		{442BB3EA-3BF7-4004-B28E-8EC9917E8B84}.Debug|Any CPU.ActiveCfg = Debug|Any CPU
		{442BB3EA-3BF7-4004-B28E-8EC9917E8B84}.Debug|Any CPU.Build.0 = Debug|Any CPU
		{442BB3EA-3BF7-4004-B28E-8EC9917E8B84}.Release|Any CPU.ActiveCfg = Release|Any CPU
		{442BB3EA-3BF7-4004-B28E-8EC9917E8B84}.Release|Any CPU.Build.0 = Release|Any CPU
		{6231D7E6-BFD0-4712-B65C-A1EEA91DE9AF}.Debug|Any CPU.ActiveCfg = Debug|Any CPU
		{6231D7E6-BFD0-4712-B65C-A1EEA91DE9AF}.Debug|Any CPU.Build.0 = Debug|Any CPU
		{6231D7E6-BFD0-4712-B65C-A1EEA91DE9AF}.Release|Any CPU.ActiveCfg = Release|Any CPU
		{6231D7E6-BFD0-4712-B65C-A1EEA91DE9AF}.Release|Any CPU.Build.0 = Release|Any CPU
		{B956EB61-941D-493E-8BC2-A95F2E90D758}.Debug|Any CPU.ActiveCfg = Debug|Any CPU
		{B956EB61-941D-493E-8BC2-A95F2E90D758}.Debug|Any CPU.Build.0 = Debug|Any CPU
		{B956EB61-941D-493E-8BC2-A95F2E90D758}.Release|Any CPU.ActiveCfg = Release|Any CPU
		{B956EB61-941D-493E-8BC2-A95F2E90D758}.Release|Any CPU.Build.0 = Release|Any CPU
		{A5A97BFB-60A5-4062-B5BE-D64333A7B87F}.Debug|Any CPU.ActiveCfg = Debug|Any CPU
		{A5A97BFB-60A5-4062-B5BE-D64333A7B87F}.Debug|Any CPU.Build.0 = Debug|Any CPU
		{A5A97BFB-60A5-4062-B5BE-D64333A7B87F}.Release|Any CPU.ActiveCfg = Release|Any CPU
		{A5A97BFB-60A5-4062-B5BE-D64333A7B87F}.Release|Any CPU.Build.0 = Release|Any CPU
		{3182D968-1616-405B-844A-7F24FA717AA6}.Debug|Any CPU.ActiveCfg = Debug|Any CPU
		{3182D968-1616-405B-844A-7F24FA717AA6}.Debug|Any CPU.Build.0 = Debug|Any CPU
		{3182D968-1616-405B-844A-7F24FA717AA6}.Release|Any CPU.ActiveCfg = Release|Any CPU
		{3182D968-1616-405B-844A-7F24FA717AA6}.Release|Any CPU.Build.0 = Release|Any CPU
		{BEA3875D-58A6-46BB-B3E5-2B2D334E5839}.Debug|Any CPU.ActiveCfg = Debug|Any CPU
		{BEA3875D-58A6-46BB-B3E5-2B2D334E5839}.Debug|Any CPU.Build.0 = Debug|Any CPU
		{BEA3875D-58A6-46BB-B3E5-2B2D334E5839}.Release|Any CPU.ActiveCfg = Release|Any CPU
		{BEA3875D-58A6-46BB-B3E5-2B2D334E5839}.Release|Any CPU.Build.0 = Release|Any CPU
	EndGlobalSection
	GlobalSection(SolutionProperties) = preSolution
		HideSolutionNode = FALSE
	EndGlobalSection
EndGlobal
